{
  "name": "3dengine",
  "version": "1.0.0",
  "lockfileVersion": 1,
  "requires": true,
  "dependencies": {
    "drcircuitscanvaslibrary": {
      "version": "1.2.8",
      "resolved": "https://registry.npmjs.org/drcircuitscanvaslibrary/-/drcircuitscanvaslibrary-1.2.8.tgz",
      "integrity": "sha512-KwRalTNMAY46+vbR7k696akMEWFgKQkNy3EErVudgQkLXg6VOBRBdOQ0jQ0S0RFU+e5o9FJZpxUCZAqf30602Q=="
    }
  }
}
