{
  "name": "3dengine",
  "version": "1.0.0",
  "lockfileVersion": 1,
  "requires": true,
  "dependencies": {
    "drcircuitscanvaslibrary": {
      "version": "1.1.9",
      "resolved": "https://registry.npmjs.org/drcircuitscanvaslibrary/-/drcircuitscanvaslibrary-1.1.9.tgz",
      "integrity": "sha512-gjwzTvvHqvDycLi3vR32H+psv1zBofvEOP8EcEQcL1RIt22ADdf2mfdKwOv7pniOeE5y5ro7cKJipVfIlsVlwA=="
    }
  }
}
