{
  "name": "3dengine",
  "version": "1.0.0",
  "lockfileVersion": 1,
  "requires": true,
  "dependencies": {
    "drcircuitscanvaslibrary": {
      "version": "1.2.1",
      "resolved": "https://registry.npmjs.org/drcircuitscanvaslibrary/-/drcircuitscanvaslibrary-1.2.1.tgz",
      "integrity": "sha512-RwHUXbPAOXznp7avEDCgUE3aiL5I1dHIGix/GuAU1nS49dO703fbTa84Vavi+vTtiK4kNxZ1qUV1rlavhSW7uA=="
    }
  }
}
